
Microsoft Visual Studio Solution File, Format Version 12.00
# Visual Studio Version 17
VisualStudioVersion = 17.5.33414.496
MinimumVisualStudioVersion = 10.0.40219.1
Project("{9A19103F-16F7-4668-BE54-9A1E7A4F7556}") = "SloppySteaks", "SloppySteaks\SloppySteaks.csproj", "{77732B5C-9326-4F6A-8E71-FE8AD7D6495F}"
EndProject
Global
	GlobalSection(SolutionConfigurationPlatforms) = preSolution
		Debug|Any CPU = Debug|Any CPU
		Release|Any CPU = Release|Any CPU
	EndGlobalSection
	GlobalSection(ProjectConfigurationPlatforms) = postSolution
		{77732B5C-9326-4F6A-8E71-FE8AD7D6495F}.Debug|Any CPU.ActiveCfg = Debug|Any CPU
		{77732B5C-9326-4F6A-8E71-FE8AD7D6495F}.Debug|Any CPU.Build.0 = Debug|Any CPU
		{77732B5C-9326-4F6A-8E71-FE8AD7D6495F}.Release|Any CPU.ActiveCfg = Release|Any CPU
		{77732B5C-9326-4F6A-8E71-FE8AD7D6495F}.Release|Any CPU.Build.0 = Release|Any CPU
	EndGlobalSection
	GlobalSection(SolutionProperties) = preSolution
		HideSolutionNode = FALSE
	EndGlobalSection
	GlobalSection(ExtensibilityGlobals) = postSolution
		SolutionGuid = {4932D364-FA8C-483F-9D8F-84E91809E1FC}
	EndGlobalSection
EndGlobal
